
Microsoft Visual Studio Solution File, Format Version 12.00
# Visual Studio Version 17
VisualStudioVersion = 17.5.33516.290
MinimumVisualStudioVersion = 10.0.40219.1
Project("{FAE04EC0-301F-11D3-BF4B-00C04F79EFBC}") = "CashMasterApp", "CashMasterApp\CashMasterApp.csproj", "{2961DA8E-6150-4593-9F55-C691FDA985E3}"
EndProject
Global
	GlobalSection(SolutionConfigurationPlatforms) = preSolution
		Debug|Any CPU = Debug|Any CPU
		Release|Any CPU = Release|Any CPU
	EndGlobalSection
	GlobalSection(ProjectConfigurationPlatforms) = postSolution
		{2961DA8E-6150-4593-9F55-C691FDA985E3}.Debug|Any CPU.ActiveCfg = Debug|Any CPU
		{2961DA8E-6150-4593-9F55-C691FDA985E3}.Debug|Any CPU.Build.0 = Debug|Any CPU
		{2961DA8E-6150-4593-9F55-C691FDA985E3}.Release|Any CPU.ActiveCfg = Release|Any CPU
		{2961DA8E-6150-4593-9F55-C691FDA985E3}.Release|Any CPU.Build.0 = Release|Any CPU
	EndGlobalSection
	GlobalSection(SolutionProperties) = preSolution
		HideSolutionNode = FALSE
	EndGlobalSection
	GlobalSection(ExtensibilityGlobals) = postSolution
		SolutionGuid = {A1581F77-63B0-4F80-A427-AC8F318F7614}
	EndGlobalSection
EndGlobal
